<?xml version="1.0" encoding="utf-8"?>
<Project ToolsVersion="4.0" xmlns="http://schemas.microsoft.com/developer/msbuild/2003">
  <ItemGroup>
    <Filter Include="Source Files">
      <UniqueIdentifier>{4FC737F1-C7A5-4376-A066-2A32D752A2FF}</UniqueIdentifier>
      <Extensions>cpp;c;cc;cxx;c++;cppm;ixx;def;odl;idl;hpj;bat;asm;asmx</Extensions>
    </Filter>
    <Filter Include="Header Files">
      <UniqueIdentifier>{93995380-89BD-4b04-88EB-625FBE52EBFB}</UniqueIdentifier>
      <Extensions>h;hh;hpp;hxx;h++;hm;inl;inc;ipp;xsd</Extensions>
    </Filter>
    <Filter Include="Resource Files">
      <UniqueIdentifier>{67DA6AB6-F800-4c08-8B7A-83BB121AAD01}</UniqueIdentifier>
      <Extensions>rc;ico;cur;bmp;dlg;rc2;rct;bin;rgs;gif;jpg;jpeg;jpe;resx;tiff;tif;png;wav;mfcribbon-ms</Extensions>
    </Filter>
    <Filter Include="StringLibraries">
      <UniqueIdentifier>{5751b723-22b7-43e7-be81-231d15770817}</UniqueIdentifier>
    </Filter>
    <Filter Include="StackLibrary">
      <UniqueIdentifier>{f8bac3fb-a90a-4ed0-b538-dc35019e2059}</UniqueIdentifier>
    </Filter>
    <Filter Include="Logs">
      <UniqueIdentifier>{ef0fc209-29af-45a8-841c-381abe6536ad}</UniqueIdentifier>
    </Filter>
  </ItemGroup>
  <ItemGroup>
    <ClCompile Include="main.cpp">
      <Filter>Source Files</Filter>
    </ClCompile>
    <ClCompile Include="Tree.cpp">
      <Filter>Source Files</Filter>
    </ClCompile>
    <ClCompile Include="Akinator.cpp">
      <Filter>Source Files</Filter>
    </ClCompile>
    <ClCompile Include="..\StringLibrary\StringLibrary.cpp">
      <Filter>StringLibraries</Filter>
    </ClCompile>
    <ClCompile Include="..\StackLibrary\Stack.cpp">
      <Filter>StackLibrary</Filter>
    </ClCompile>
    <ClCompile Include="..\StackLibrary\StackDiagnostic.cpp">
      <Filter>StackLibrary</Filter>
    </ClCompile>
    <ClCompile Include="..\StackLibrary\StackProtection.cpp">
      <Filter>StackLibrary</Filter>
    </ClCompile>
    <ClCompile Include="..\Logs\Logs.cpp">
      <Filter>Logs</Filter>
    </ClCompile>
    <ClCompile Include="Menu.cpp">
      <Filter>Source Files</Filter>
    </ClCompile>
    <ClCompile Include="FileIO.cpp">
      <Filter>Source Files</Filter>
    </ClCompile>
    <ClCompile Include="Voice.cpp">
      <Filter>Source Files</Filter>
    </ClCompile>
  </ItemGroup>
  <ItemGroup>
    <ClInclude Include="Tree.h">
      <Filter>Header Files</Filter>
    </ClInclude>
    <ClInclude Include="Akinator.h">
      <Filter>Header Files</Filter>
    </ClInclude>
    <ClInclude Include="..\StringLibrary\StringLibrary.h">
      <Filter>StringLibraries</Filter>
    </ClInclude>
    <ClInclude Include="..\StackLibrary\Stack.h">
      <Filter>StackLibrary</Filter>
    </ClInclude>
    <ClInclude Include="..\StackLibrary\StackDiagnostic.h">
      <Filter>StackLibrary</Filter>
    </ClInclude>
    <ClInclude Include="..\StackLibrary\StackProtection.h">
      <Filter>StackLibrary</Filter>
    </ClInclude>
    <ClInclude Include="..\Logs\Logs.h">
      <Filter>Logs</Filter>
    </ClInclude>
    <ClInclude Include="AkinatorTree.h">
      <Filter>Header Files</Filter>
    </ClInclude>
    <ClInclude Include="FileIO.h">
      <Filter>Header Files</Filter>
    </ClInclude>
    <ClInclude Include="Menu.h">
      <Filter>Header Files</Filter>
    </ClInclude>
    <ClInclude Include="Voice.h">
      <Filter>Header Files</Filter>
    </ClInclude>
    <ClInclude Include="Config.h">
      <Filter>Header Files</Filter>
    </ClInclude>
  </ItemGroup>
</Project>